
Microsoft Visual Studio Solution File, Format Version 12.00
# Visual Studio Version 17
VisualStudioVersion = 17.0.31903.59
MinimumVisualStudioVersion = 10.0.40219.1
Project("{FAE04EC0-301F-11D3-BF4B-00C04F79EFBC}") = "CommandLib", "CommandLib\CommandLib.csproj", "{8BD5A06D-96E4-48E8-AB69-6F58A503FCF7}"
EndProject
Project("{FAE04EC0-301F-11D3-BF4B-00C04F79EFBC}") = "FileSystemCommands", "FileSystemCommands\FileSystemCommands.csproj", "{EF47B5A3-B6B0-4759-A407-A9EDA90CFFAF}"
EndProject
Project("{FAE04EC0-301F-11D3-BF4B-00C04F79EFBC}") = "CommandRunner", "CommandRunner\CommandRunner.csproj", "{D66A3EE8-3A9E-46B5-8ACA-DCA0056EF433}"
EndProject
Project("{FAE04EC0-301F-11D3-BF4B-00C04F79EFBC}") = "task08tests", "task08tests\task08tests.csproj", "{123F6DB2-14AC-4193-ADFD-0A63D6E7E110}"
EndProject
Project("{FAE04EC0-301F-11D3-BF4B-00C04F79EFBC}") = "MetadataViewer", "MetadataViewer\MetadataViewer.csproj", "{CDA4E272-E702-4BCC-8A3D-119599924E78}"
EndProject
Project("{FAE04EC0-301F-11D3-BF4B-00C04F79EFBC}") = "task09tests", "task09tests\task09tests.csproj", "{2F342B26-559F-49B6-9ED1-8FDC692809DB}"
EndProject
Global
	GlobalSection(SolutionConfigurationPlatforms) = preSolution
		Debug|Any CPU = Debug|Any CPU
		Debug|x64 = Debug|x64
		Debug|x86 = Debug|x86
		Release|Any CPU = Release|Any CPU
		Release|x64 = Release|x64
		Release|x86 = Release|x86
	EndGlobalSection
	GlobalSection(ProjectConfigurationPlatforms) = postSolution
		{8BD5A06D-96E4-48E8-AB69-6F58A503FCF7}.Debug|Any CPU.ActiveCfg = Debug|Any CPU
		{8BD5A06D-96E4-48E8-AB69-6F58A503FCF7}.Debug|Any CPU.Build.0 = Debug|Any CPU
		{8BD5A06D-96E4-48E8-AB69-6F58A503FCF7}.Debug|x64.ActiveCfg = Debug|Any CPU
		{8BD5A06D-96E4-48E8-AB69-6F58A503FCF7}.Debug|x64.Build.0 = Debug|Any CPU
		{8BD5A06D-96E4-48E8-AB69-6F58A503FCF7}.Debug|x86.ActiveCfg = Debug|Any CPU
		{8BD5A06D-96E4-48E8-AB69-6F58A503FCF7}.Debug|x86.Build.0 = Debug|Any CPU
		{8BD5A06D-96E4-48E8-AB69-6F58A503FCF7}.Release|Any CPU.ActiveCfg = Release|Any CPU
		{8BD5A06D-96E4-48E8-AB69-6F58A503FCF7}.Release|Any CPU.Build.0 = Release|Any CPU
		{8BD5A06D-96E4-48E8-AB69-6F58A503FCF7}.Release|x64.ActiveCfg = Release|Any CPU
		{8BD5A06D-96E4-48E8-AB69-6F58A503FCF7}.Release|x64.Build.0 = Release|Any CPU
		{8BD5A06D-96E4-48E8-AB69-6F58A503FCF7}.Release|x86.ActiveCfg = Release|Any CPU
		{8BD5A06D-96E4-48E8-AB69-6F58A503FCF7}.Release|x86.Build.0 = Release|Any CPU
		{EF47B5A3-B6B0-4759-A407-A9EDA90CFFAF}.Debug|Any CPU.ActiveCfg = Debug|Any CPU
		{EF47B5A3-B6B0-4759-A407-A9EDA90CFFAF}.Debug|Any CPU.Build.0 = Debug|Any CPU
		{EF47B5A3-B6B0-4759-A407-A9EDA90CFFAF}.Debug|x64.ActiveCfg = Debug|Any CPU
		{EF47B5A3-B6B0-4759-A407-A9EDA90CFFAF}.Debug|x64.Build.0 = Debug|Any CPU
		{EF47B5A3-B6B0-4759-A407-A9EDA90CFFAF}.Debug|x86.ActiveCfg = Debug|Any CPU
		{EF47B5A3-B6B0-4759-A407-A9EDA90CFFAF}.Debug|x86.Build.0 = Debug|Any CPU
		{EF47B5A3-B6B0-4759-A407-A9EDA90CFFAF}.Release|Any CPU.ActiveCfg = Release|Any CPU
		{EF47B5A3-B6B0-4759-A407-A9EDA90CFFAF}.Release|Any CPU.Build.0 = Release|Any CPU
		{EF47B5A3-B6B0-4759-A407-A9EDA90CFFAF}.Release|x64.ActiveCfg = Release|Any CPU
		{EF47B5A3-B6B0-4759-A407-A9EDA90CFFAF}.Release|x64.Build.0 = Release|Any CPU
		{EF47B5A3-B6B0-4759-A407-A9EDA90CFFAF}.Release|x86.ActiveCfg = Release|Any CPU
		{EF47B5A3-B6B0-4759-A407-A9EDA90CFFAF}.Release|x86.Build.0 = Release|Any CPU
		{D66A3EE8-3A9E-46B5-8ACA-DCA0056EF433}.Debug|Any CPU.ActiveCfg = Debug|Any CPU
		{D66A3EE8-3A9E-46B5-8ACA-DCA0056EF433}.Debug|Any CPU.Build.0 = Debug|Any CPU
		{D66A3EE8-3A9E-46B5-8ACA-DCA0056EF433}.Debug|x64.ActiveCfg = Debug|Any CPU
		{D66A3EE8-3A9E-46B5-8ACA-DCA0056EF433}.Debug|x64.Build.0 = Debug|Any CPU
		{D66A3EE8-3A9E-46B5-8ACA-DCA0056EF433}.Debug|x86.ActiveCfg = Debug|Any CPU
		{D66A3EE8-3A9E-46B5-8ACA-DCA0056EF433}.Debug|x86.Build.0 = Debug|Any CPU
		{D66A3EE8-3A9E-46B5-8ACA-DCA0056EF433}.Release|Any CPU.ActiveCfg = Release|Any CPU
		{D66A3EE8-3A9E-46B5-8ACA-DCA0056EF433}.Release|Any CPU.Build.0 = Release|Any CPU
		{D66A3EE8-3A9E-46B5-8ACA-DCA0056EF433}.Release|x64.ActiveCfg = Release|Any CPU
		{D66A3EE8-3A9E-46B5-8ACA-DCA0056EF433}.Release|x64.Build.0 = Release|Any CPU
		{D66A3EE8-3A9E-46B5-8ACA-DCA0056EF433}.Release|x86.ActiveCfg = Release|Any CPU
		{D66A3EE8-3A9E-46B5-8ACA-DCA0056EF433}.Release|x86.Build.0 = Release|Any CPU
		{123F6DB2-14AC-4193-ADFD-0A63D6E7E110}.Debug|Any CPU.ActiveCfg = Debug|Any CPU
		{123F6DB2-14AC-4193-ADFD-0A63D6E7E110}.Debug|Any CPU.Build.0 = Debug|Any CPU
		{123F6DB2-14AC-4193-ADFD-0A63D6E7E110}.Debug|x64.ActiveCfg = Debug|Any CPU
		{123F6DB2-14AC-4193-ADFD-0A63D6E7E110}.Debug|x64.Build.0 = Debug|Any CPU
		{123F6DB2-14AC-4193-ADFD-0A63D6E7E110}.Debug|x86.ActiveCfg = Debug|Any CPU
		{123F6DB2-14AC-4193-ADFD-0A63D6E7E110}.Debug|x86.Build.0 = Debug|Any CPU
		{123F6DB2-14AC-4193-ADFD-0A63D6E7E110}.Release|Any CPU.ActiveCfg = Release|Any CPU
		{123F6DB2-14AC-4193-ADFD-0A63D6E7E110}.Release|Any CPU.Build.0 = Release|Any CPU
		{123F6DB2-14AC-4193-ADFD-0A63D6E7E110}.Release|x64.ActiveCfg = Release|Any CPU
		{123F6DB2-14AC-4193-ADFD-0A63D6E7E110}.Release|x64.Build.0 = Release|Any CPU
		{123F6DB2-14AC-4193-ADFD-0A63D6E7E110}.Release|x86.ActiveCfg = Release|Any CPU
		{123F6DB2-14AC-4193-ADFD-0A63D6E7E110}.Release|x86.Build.0 = Release|Any CPU
		{CDA4E272-E702-4BCC-8A3D-119599924E78}.Debug|Any CPU.ActiveCfg = Debug|Any CPU
		{CDA4E272-E702-4BCC-8A3D-119599924E78}.Debug|Any CPU.Build.0 = Debug|Any CPU
		{CDA4E272-E702-4BCC-8A3D-119599924E78}.Debug|x64.ActiveCfg = Debug|Any CPU
		{CDA4E272-E702-4BCC-8A3D-119599924E78}.Debug|x64.Build.0 = Debug|Any CPU
		{CDA4E272-E702-4BCC-8A3D-119599924E78}.Debug|x86.ActiveCfg = Debug|Any CPU
		{CDA4E272-E702-4BCC-8A3D-119599924E78}.Debug|x86.Build.0 = Debug|Any CPU
		{CDA4E272-E702-4BCC-8A3D-119599924E78}.Release|Any CPU.ActiveCfg = Release|Any CPU
		{CDA4E272-E702-4BCC-8A3D-119599924E78}.Release|Any CPU.Build.0 = Release|Any CPU
		{CDA4E272-E702-4BCC-8A3D-119599924E78}.Release|x64.ActiveCfg = Release|Any CPU
		{CDA4E272-E702-4BCC-8A3D-119599924E78}.Release|x64.Build.0 = Release|Any CPU
		{CDA4E272-E702-4BCC-8A3D-119599924E78}.Release|x86.ActiveCfg = Release|Any CPU
		{CDA4E272-E702-4BCC-8A3D-119599924E78}.Release|x86.Build.0 = Release|Any CPU
		{2F342B26-559F-49B6-9ED1-8FDC692809DB}.Debug|Any CPU.ActiveCfg = Debug|Any CPU
		{2F342B26-559F-49B6-9ED1-8FDC692809DB}.Debug|Any CPU.Build.0 = Debug|Any CPU
		{2F342B26-559F-49B6-9ED1-8FDC692809DB}.Debug|x64.ActiveCfg = Debug|Any CPU
		{2F342B26-559F-49B6-9ED1-8FDC692809DB}.Debug|x64.Build.0 = Debug|Any CPU
		{2F342B26-559F-49B6-9ED1-8FDC692809DB}.Debug|x86.ActiveCfg = Debug|Any CPU
		{2F342B26-559F-49B6-9ED1-8FDC692809DB}.Debug|x86.Build.0 = Debug|Any CPU
		{2F342B26-559F-49B6-9ED1-8FDC692809DB}.Release|Any CPU.ActiveCfg = Release|Any CPU
		{2F342B26-559F-49B6-9ED1-8FDC692809DB}.Release|Any CPU.Build.0 = Release|Any CPU
		{2F342B26-559F-49B6-9ED1-8FDC692809DB}.Release|x64.ActiveCfg = Release|Any CPU
		{2F342B26-559F-49B6-9ED1-8FDC692809DB}.Release|x64.Build.0 = Release|Any CPU
		{2F342B26-559F-49B6-9ED1-8FDC692809DB}.Release|x86.ActiveCfg = Release|Any CPU
		{2F342B26-559F-49B6-9ED1-8FDC692809DB}.Release|x86.Build.0 = Release|Any CPU
	EndGlobalSection
	GlobalSection(SolutionProperties) = preSolution
		HideSolutionNode = FALSE
	EndGlobalSection
EndGlobal
