
Microsoft Visual Studio Solution File, Format Version 12.00
# Visual Studio Version 17
VisualStudioVersion = 17.0.31903.59
MinimumVisualStudioVersion = 10.0.40219.1
Project("{FAE04EC0-301F-11D3-BF4B-00C04F79EFBC}") = "task11", "task11\task11.csproj", "{B794F99D-E7D5-4878-ACE8-C41EAB1B62E5}"
EndProject
Project("{FAE04EC0-301F-11D3-BF4B-00C04F79EFBC}") = "task11tests", "task11tests\task11tests.csproj", "{1C096DC0-C77E-4F41-AAC7-DCA3AC66ED52}"
EndProject
Global
	GlobalSection(SolutionConfigurationPlatforms) = preSolution
		Debug|Any CPU = Debug|Any CPU
		Debug|x64 = Debug|x64
		Debug|x86 = Debug|x86
		Release|Any CPU = Release|Any CPU
		Release|x64 = Release|x64
		Release|x86 = Release|x86
	EndGlobalSection
	GlobalSection(ProjectConfigurationPlatforms) = postSolution
		{B794F99D-E7D5-4878-ACE8-C41EAB1B62E5}.Debug|Any CPU.ActiveCfg = Debug|Any CPU
		{B794F99D-E7D5-4878-ACE8-C41EAB1B62E5}.Debug|Any CPU.Build.0 = Debug|Any CPU
		{B794F99D-E7D5-4878-ACE8-C41EAB1B62E5}.Debug|x64.ActiveCfg = Debug|Any CPU
		{B794F99D-E7D5-4878-ACE8-C41EAB1B62E5}.Debug|x64.Build.0 = Debug|Any CPU
		{B794F99D-E7D5-4878-ACE8-C41EAB1B62E5}.Debug|x86.ActiveCfg = Debug|Any CPU
		{B794F99D-E7D5-4878-ACE8-C41EAB1B62E5}.Debug|x86.Build.0 = Debug|Any CPU
		{B794F99D-E7D5-4878-ACE8-C41EAB1B62E5}.Release|Any CPU.ActiveCfg = Release|Any CPU
		{B794F99D-E7D5-4878-ACE8-C41EAB1B62E5}.Release|Any CPU.Build.0 = Release|Any CPU
		{B794F99D-E7D5-4878-ACE8-C41EAB1B62E5}.Release|x64.ActiveCfg = Release|Any CPU
		{B794F99D-E7D5-4878-ACE8-C41EAB1B62E5}.Release|x64.Build.0 = Release|Any CPU
		{B794F99D-E7D5-4878-ACE8-C41EAB1B62E5}.Release|x86.ActiveCfg = Release|Any CPU
		{B794F99D-E7D5-4878-ACE8-C41EAB1B62E5}.Release|x86.Build.0 = Release|Any CPU
		{1C096DC0-C77E-4F41-AAC7-DCA3AC66ED52}.Debug|Any CPU.ActiveCfg = Debug|Any CPU
		{1C096DC0-C77E-4F41-AAC7-DCA3AC66ED52}.Debug|Any CPU.Build.0 = Debug|Any CPU
		{1C096DC0-C77E-4F41-AAC7-DCA3AC66ED52}.Debug|x64.ActiveCfg = Debug|Any CPU
		{1C096DC0-C77E-4F41-AAC7-DCA3AC66ED52}.Debug|x64.Build.0 = Debug|Any CPU
		{1C096DC0-C77E-4F41-AAC7-DCA3AC66ED52}.Debug|x86.ActiveCfg = Debug|Any CPU
		{1C096DC0-C77E-4F41-AAC7-DCA3AC66ED52}.Debug|x86.Build.0 = Debug|Any CPU
		{1C096DC0-C77E-4F41-AAC7-DCA3AC66ED52}.Release|Any CPU.ActiveCfg = Release|Any CPU
		{1C096DC0-C77E-4F41-AAC7-DCA3AC66ED52}.Release|Any CPU.Build.0 = Release|Any CPU
		{1C096DC0-C77E-4F41-AAC7-DCA3AC66ED52}.Release|x64.ActiveCfg = Release|Any CPU
		{1C096DC0-C77E-4F41-AAC7-DCA3AC66ED52}.Release|x64.Build.0 = Release|Any CPU
		{1C096DC0-C77E-4F41-AAC7-DCA3AC66ED52}.Release|x86.ActiveCfg = Release|Any CPU
		{1C096DC0-C77E-4F41-AAC7-DCA3AC66ED52}.Release|x86.Build.0 = Release|Any CPU
	EndGlobalSection
	GlobalSection(SolutionProperties) = preSolution
		HideSolutionNode = FALSE
	EndGlobalSection
EndGlobal
